{
  "version": 4,
  "terraform_version": "0.14.7",
  "serial": 32,
  "lineage": "88ee06cd-d9a3-8636-ab9c-d7cf90e28e53",
  "outputs": {},
  "resources": [
    {
      "mode": "managed",
      "type": "azurerm_data_factory",
      "name": "adf_data_factory_test1",
      "provider": "provider[\"registry.terraform.io/hashicorp/azurerm\"]",
      "instances": [
        {
          "schema_version": 1,
          "attributes": {
            "github_configuration": [],
            "id": "/subscriptions/3144fe43-cdc2-4b56-af79-50b2d12f8c40/resourceGroups/adf_resources_test/providers/Microsoft.DataFactory/factories/adf-data-factory-test1",
            "identity": [],
            "location": "westeurope",
            "name": "adf-data-factory-test1",
            "public_network_enabled": true,
            "resource_group_name": "adf_resources_test",
            "tags": {},
            "timeouts": null,
            "vsts_configuration": []
          },
          "sensitive_attributes": [],
          "private": "eyJlMmJmYjczMC1lY2FhLTExZTYtOGY4OC0zNDM2M2JjN2M0YzAiOnsiY3JlYXRlIjoxODAwMDAwMDAwMDAwLCJkZWxldGUiOjE4MDAwMDAwMDAwMDAsInJlYWQiOjMwMDAwMDAwMDAwMCwidXBkYXRlIjoxODAwMDAwMDAwMDAwfSwic2NoZW1hX3ZlcnNpb24iOiIxIn0=",
          "dependencies": [
            "azurerm_resource_group.adf_resource_test"
          ]
        }
      ]
    },
    {
      "mode": "managed",
      "type": "azurerm_data_factory_dataset_azure_blob",
      "name": "adf_dataset_test",
      "provider": "provider[\"registry.terraform.io/hashicorp/azurerm\"]",
      "instances": [
        {
          "schema_version": 0,
          "attributes": {
            "additional_properties": null,
            "annotations": null,
            "data_factory_name": "adf-data-factory-test1",
            "description": "",
            "filename": "main.tf",
            "folder": null,
            "id": "/subscriptions/3144fe43-cdc2-4b56-af79-50b2d12f8c40/resourceGroups/adf_resources_test/providers/Microsoft.DataFactory/factories/adf-data-factory-test1/datasets/adf_dataset_test",
            "linked_service_name": "adf_linked_storage_test",
            "name": "adf_dataset_test",
            "parameters": null,
            "path": "foo",
            "resource_group_name": "adf_resources_test",
            "schema_column": [],
            "timeouts": null
          },
          "sensitive_attributes": [],
          "private": "eyJlMmJmYjczMC1lY2FhLTExZTYtOGY4OC0zNDM2M2JjN2M0YzAiOnsiY3JlYXRlIjoxODAwMDAwMDAwMDAwLCJkZWxldGUiOjE4MDAwMDAwMDAwMDAsInJlYWQiOjMwMDAwMDAwMDAwMCwidXBkYXRlIjoxODAwMDAwMDAwMDAwfX0=",
          "dependencies": [
            "azurerm_data_factory.adf_data_factory_test1",
            "azurerm_data_factory_linked_service_azure_blob_storage.adf_linked_storage_test",
            "azurerm_resource_group.adf_resource_test",
            "azurerm_storage_account.adf_storage_account_test_1"
          ]
        }
      ]
    },
    {
      "mode": "managed",
      "type": "azurerm_data_factory_linked_service_azure_blob_storage",
      "name": "adf_linked_storage_test",
      "provider": "provider[\"registry.terraform.io/hashicorp/azurerm\"]",
      "instances": [
        {
          "schema_version": 0,
          "attributes": {
            "additional_properties": null,
            "annotations": null,
            "connection_string": "DefaultEndpointsProtocol=https;AccountName=adfblobstoragetest1;AccountKey=yANzV1tRDbxDFQI/4v1cEmEhlvhnQtonYh7N4L4m1XgSV67DXDkgg1DpmaIDykYQGXaPHdoYrB1Fv7ILxjXa2Q==;EndpointSuffix=core.windows.net",
            "data_factory_name": "adf-data-factory-test1",
            "description": "",
            "id": "/subscriptions/3144fe43-cdc2-4b56-af79-50b2d12f8c40/resourceGroups/adf_resources_test/providers/Microsoft.DataFactory/factories/adf-data-factory-test1/linkedservices/adf_linked_storage_test",
            "integration_runtime_name": null,
            "name": "adf_linked_storage_test",
            "parameters": null,
            "resource_group_name": "adf_resources_test",
            "sas_uri": null,
            "service_principal_id": "",
            "service_principal_key": null,
            "tenant_id": "",
            "timeouts": null,
            "use_managed_identity": false
          },
          "sensitive_attributes": [],
          "private": "eyJlMmJmYjczMC1lY2FhLTExZTYtOGY4OC0zNDM2M2JjN2M0YzAiOnsiY3JlYXRlIjoxODAwMDAwMDAwMDAwLCJkZWxldGUiOjE4MDAwMDAwMDAwMDAsInJlYWQiOjMwMDAwMDAwMDAwMCwidXBkYXRlIjoxODAwMDAwMDAwMDAwfX0=",
          "dependencies": [
            "azurerm_data_factory.adf_data_factory_test1",
            "azurerm_resource_group.adf_resource_test",
            "azurerm_storage_account.adf_storage_account_test_1"
          ]
        }
      ]
    },
    {
      "mode": "managed",
      "type": "azurerm_resource_group",
      "name": "adf_resource_test",
      "provider": "provider[\"registry.terraform.io/hashicorp/azurerm\"]",
      "instances": [
        {
          "schema_version": 0,
          "attributes": {
            "id": "/subscriptions/3144fe43-cdc2-4b56-af79-50b2d12f8c40/resourceGroups/adf_resources_test",
            "location": "westeurope",
            "name": "adf_resources_test",
            "tags": {},
            "timeouts": null
          },
          "sensitive_attributes": [],
          "private": "eyJlMmJmYjczMC1lY2FhLTExZTYtOGY4OC0zNDM2M2JjN2M0YzAiOnsiY3JlYXRlIjo1NDAwMDAwMDAwMDAwLCJkZWxldGUiOjU0MDAwMDAwMDAwMDAsInJlYWQiOjMwMDAwMDAwMDAwMCwidXBkYXRlIjo1NDAwMDAwMDAwMDAwfX0="
        }
      ]
    },
    {
      "mode": "managed",
      "type": "azurerm_storage_account",
      "name": "adf_storage_account_test_1",
      "provider": "provider[\"registry.terraform.io/hashicorp/azurerm\"]",
      "instances": [
        {
          "schema_version": 2,
          "attributes": {
            "access_tier": "Hot",
            "account_kind": "StorageV2",
            "account_replication_type": "LRS",
            "account_tier": "Standard",
            "allow_blob_public_access": false,
            "blob_properties": [],
            "custom_domain": [],
            "enable_https_traffic_only": true,
            "id": "/subscriptions/3144fe43-cdc2-4b56-af79-50b2d12f8c40/resourceGroups/adf_resources_test/providers/Microsoft.Storage/storageAccounts/adfblobstoragetest1",
            "identity": [],
            "is_hns_enabled": false,
            "large_file_share_enabled": null,
            "location": "westeurope",
            "min_tls_version": "TLS1_0",
            "name": "adfblobstoragetest1",
            "network_rules": [
              {
                "bypass": [
                  "AzureServices"
                ],
                "default_action": "Allow",
                "ip_rules": [],
                "virtual_network_subnet_ids": []
              }
            ],
            "primary_access_key": "yANzV1tRDbxDFQI/4v1cEmEhlvhnQtonYh7N4L4m1XgSV67DXDkgg1DpmaIDykYQGXaPHdoYrB1Fv7ILxjXa2Q==",
            "primary_blob_connection_string": "DefaultEndpointsProtocol=https;BlobEndpoint=https://adfblobstoragetest1.blob.core.windows.net/;AccountName=adfblobstoragetest1;AccountKey=yANzV1tRDbxDFQI/4v1cEmEhlvhnQtonYh7N4L4m1XgSV67DXDkgg1DpmaIDykYQGXaPHdoYrB1Fv7ILxjXa2Q==",
            "primary_blob_endpoint": "https://adfblobstoragetest1.blob.core.windows.net/",
            "primary_blob_host": "adfblobstoragetest1.blob.core.windows.net",
            "primary_connection_string": "DefaultEndpointsProtocol=https;AccountName=adfblobstoragetest1;AccountKey=yANzV1tRDbxDFQI/4v1cEmEhlvhnQtonYh7N4L4m1XgSV67DXDkgg1DpmaIDykYQGXaPHdoYrB1Fv7ILxjXa2Q==;EndpointSuffix=core.windows.net",
            "primary_dfs_endpoint": "https://adfblobstoragetest1.dfs.core.windows.net/",
            "primary_dfs_host": "adfblobstoragetest1.dfs.core.windows.net",
            "primary_file_endpoint": "https://adfblobstoragetest1.file.core.windows.net/",
            "primary_file_host": "adfblobstoragetest1.file.core.windows.net",
            "primary_location": "westeurope",
            "primary_queue_endpoint": "https://adfblobstoragetest1.queue.core.windows.net/",
            "primary_queue_host": "adfblobstoragetest1.queue.core.windows.net",
            "primary_table_endpoint": "https://adfblobstoragetest1.table.core.windows.net/",
            "primary_table_host": "adfblobstoragetest1.table.core.windows.net",
            "primary_web_endpoint": "https://adfblobstoragetest1.z6.web.core.windows.net/",
            "primary_web_host": "adfblobstoragetest1.z6.web.core.windows.net",
            "queue_properties": [
              {
                "cors_rule": [],
                "hour_metrics": [
                  {
                    "enabled": true,
                    "include_apis": true,
                    "retention_policy_days": 7,
                    "version": "1.0"
                  }
                ],
                "logging": [
                  {
                    "delete": false,
                    "read": false,
                    "retention_policy_days": 0,
                    "version": "1.0",
                    "write": false
                  }
                ],
                "minute_metrics": [
                  {
                    "enabled": false,
                    "include_apis": false,
                    "retention_policy_days": 0,
                    "version": "1.0"
                  }
                ]
              }
            ],
            "resource_group_name": "adf_resources_test",
            "secondary_access_key": "ZSVDg5xaEMeaAgPEFhcK/jbt9wiZbiErjs8iOOuWELUjYgEXJsIeUyOJZ6b/B1txJ3gq6o9oLWsuRsFSrjWUog==",
            "secondary_blob_connection_string": "",
            "secondary_blob_endpoint": null,
            "secondary_blob_host": null,
            "secondary_connection_string": "DefaultEndpointsProtocol=https;AccountName=adfblobstoragetest1;AccountKey=ZSVDg5xaEMeaAgPEFhcK/jbt9wiZbiErjs8iOOuWELUjYgEXJsIeUyOJZ6b/B1txJ3gq6o9oLWsuRsFSrjWUog==;EndpointSuffix=core.windows.net",
            "secondary_dfs_endpoint": null,
            "secondary_dfs_host": null,
            "secondary_file_endpoint": null,
            "secondary_file_host": null,
            "secondary_location": "",
            "secondary_queue_endpoint": null,
            "secondary_queue_host": null,
            "secondary_table_endpoint": null,
            "secondary_table_host": null,
            "secondary_web_endpoint": null,
            "secondary_web_host": null,
            "static_website": [],
            "tags": null,
            "timeouts": null
          },
          "sensitive_attributes": [],
          "private": "eyJlMmJmYjczMC1lY2FhLTExZTYtOGY4OC0zNDM2M2JjN2M0YzAiOnsiY3JlYXRlIjozNjAwMDAwMDAwMDAwLCJkZWxldGUiOjM2MDAwMDAwMDAwMDAsInJlYWQiOjMwMDAwMDAwMDAwMCwidXBkYXRlIjozNjAwMDAwMDAwMDAwfSwic2NoZW1hX3ZlcnNpb24iOiIyIn0=",
          "dependencies": [
            "azurerm_resource_group.adf_resource_test"
          ]
        }
      ]
    },
    {
      "mode": "managed",
      "type": "azurerm_storage_blob",
      "name": "adf_storage_blob_test",
      "provider": "provider[\"registry.terraform.io/hashicorp/azurerm\"]",
      "instances": [
        {
          "schema_version": 1,
          "attributes": {
            "access_tier": "Hot",
            "content_md5": "",
            "content_type": "application/octet-stream",
            "id": "https://adfblobstoragetest1.blob.core.windows.net/adfstoragecontainertest/adf_storage_blob_test.zip",
            "metadata": {},
            "name": "adf_storage_blob_test.zip",
            "parallelism": 8,
            "size": 0,
            "source": "main.tf",
            "source_content": null,
            "source_uri": null,
            "storage_account_name": "adfblobstoragetest1",
            "storage_container_name": "adfstoragecontainertest",
            "timeouts": null,
            "type": "Block",
            "url": "https://adfblobstoragetest1.blob.core.windows.net/adfstoragecontainertest/adf_storage_blob_test.zip"
          },
          "sensitive_attributes": [],
          "private": "eyJlMmJmYjczMC1lY2FhLTExZTYtOGY4OC0zNDM2M2JjN2M0YzAiOnsiY3JlYXRlIjoxODAwMDAwMDAwMDAwLCJkZWxldGUiOjE4MDAwMDAwMDAwMDAsInJlYWQiOjMwMDAwMDAwMDAwMCwidXBkYXRlIjoxODAwMDAwMDAwMDAwfSwic2NoZW1hX3ZlcnNpb24iOiIxIn0=",
          "dependencies": [
            "azurerm_resource_group.adf_resource_test",
            "azurerm_storage_account.adf_storage_account_test_1",
            "azurerm_storage_container.adf_storage_container_test"
          ]
        }
      ]
    },
    {
      "mode": "managed",
      "type": "azurerm_storage_container",
      "name": "adf_storage_container_test",
      "provider": "provider[\"registry.terraform.io/hashicorp/azurerm\"]",
      "instances": [
        {
          "schema_version": 1,
          "attributes": {
            "container_access_type": "private",
            "has_immutability_policy": false,
            "has_legal_hold": false,
            "id": "https://adfblobstoragetest1.blob.core.windows.net/adfstoragecontainertest",
            "metadata": {},
            "name": "adfstoragecontainertest",
            "resource_manager_id": "/subscriptions/3144fe43-cdc2-4b56-af79-50b2d12f8c40/resourceGroups/adf_resources_test/providers/Microsoft.Storage/storageAccounts/adfblobstoragetest1/blobServices/default/containers/adfstoragecontainertest",
            "storage_account_name": "adfblobstoragetest1",
            "timeouts": null
          },
          "sensitive_attributes": [],
          "private": "eyJlMmJmYjczMC1lY2FhLTExZTYtOGY4OC0zNDM2M2JjN2M0YzAiOnsiY3JlYXRlIjoxODAwMDAwMDAwMDAwLCJkZWxldGUiOjE4MDAwMDAwMDAwMDAsInJlYWQiOjMwMDAwMDAwMDAwMCwidXBkYXRlIjoxODAwMDAwMDAwMDAwfSwic2NoZW1hX3ZlcnNpb24iOiIxIn0=",
          "dependencies": [
            "azurerm_resource_group.adf_resource_test",
            "azurerm_storage_account.adf_storage_account_test_1"
          ]
        }
      ]
    }
  ]
}
